// !$*UTF8*$!
{
	archiveVersion = 1;
	classes = {
	};
	objectVersion = 46;
	objects = {

/* Begin PBXBuildFile section */
		7CDF8D691D09391800678171 /* AppDelegate.swift in Sources */ = {isa = PBXBuildFile; fileRef = 7CDF8D681D09391800678171 /* AppDelegate.swift */; };
		7CDF8D6B1D09391800678171 /* ViewController.swift in Sources */ = {isa = PBXBuildFile; fileRef = 7CDF8D6A1D09391800678171 /* ViewController.swift */; };
		7CDF8D6E1D09391800678171 /* Main.storyboard in Resources */ = {isa = PBXBuildFile; fileRef = 7CDF8D6C1D09391800678171 /* Main.storyboard */; };
		7CDF8D711D09391800678171 /* Google_Book_App.xcdatamodeld in Sources */ = {isa = PBXBuildFile; fileRef = 7CDF8D6F1D09391800678171 /* Google_Book_App.xcdatamodeld */; };
		7CDF8D731D09391800678171 /* Assets.xcassets in Resources */ = {isa = PBXBuildFile; fileRef = 7CDF8D721D09391800678171 /* Assets.xcassets */; };
		7CDF8D761D09391800678171 /* LaunchScreen.storyboard in Resources */ = {isa = PBXBuildFile; fileRef = 7CDF8D741D09391800678171 /* LaunchScreen.storyboard */; };
		7CDF8D811D09391800678171 /* Google_Book_AppTests.swift in Sources */ = {isa = PBXBuildFile; fileRef = 7CDF8D801D09391800678171 /* Google_Book_AppTests.swift */; };
		7CDF8D8C1D09391800678171 /* Google_Book_AppUITests.swift in Sources */ = {isa = PBXBuildFile; fileRef = 7CDF8D8B1D09391800678171 /* Google_Book_AppUITests.swift */; };
/* End PBXBuildFile section */

/* Begin PBXContainerItemProxy section */
		7CDF8D7D1D09391800678171 /* PBXContainerItemProxy */ = {
			isa = PBXContainerItemProxy;
			containerPortal = 7CDF8D5D1D09391800678171 /* Project object */;
			proxyType = 1;
			remoteGlobalIDString = 7CDF8D641D09391800678171;
			remoteInfo = "Google Book App";
		};
		7CDF8D881D09391800678171 /* PBXContainerItemProxy */ = {
			isa = PBXContainerItemProxy;
			containerPortal = 7CDF8D5D1D09391800678171 /* Project object */;
			proxyType = 1;
			remoteGlobalIDString = 7CDF8D641D09391800678171;
			remoteInfo = "Google Book App";
		};
/* End PBXContainerItemProxy section */

/* Begin PBXFileReference section */
		7CDF8D651D09391800678171 /* Google Book App.app */ = {isa = PBXFileReference; explicitFileType = wrapper.application; includeInIndex = 0; path = "Google Book App.app"; sourceTree = BUILT_PRODUCTS_DIR; };
		7CDF8D681D09391800678171 /* AppDelegate.swift */ = {isa = PBXFileReference; lastKnownFileType = sourcecode.swift; path = AppDelegate.swift; sourceTree = "<group>"; };
		7CDF8D6A1D09391800678171 /* ViewController.swift */ = {isa = PBXFileReference; lastKnownFileType = sourcecode.swift; path = ViewController.swift; sourceTree = "<group>"; };
		7CDF8D6D1D09391800678171 /* Base */ = {isa = PBXFileReference; lastKnownFileType = file.storyboard; name = Base; path = Base.lproj/Main.storyboard; sourceTree = "<group>"; };
		7CDF8D701D09391800678171 /* Google_Book_App.xcdatamodel */ = {isa = PBXFileReference; lastKnownFileType = wrapper.xcdatamodel; path = Google_Book_App.xcdatamodel; sourceTree = "<group>"; };
		7CDF8D721D09391800678171 /* Assets.xcassets */ = {isa = PBXFileReference; lastKnownFileType = folder.assetcatalog; path = Assets.xcassets; sourceTree = "<group>"; };
		7CDF8D751D09391800678171 /* Base */ = {isa = PBXFileReference; lastKnownFileType = file.storyboard; name = Base; path = Base.lproj/LaunchScreen.storyboard; sourceTree = "<group>"; };
		7CDF8D771D09391800678171 /* Info.plist */ = {isa = PBXFileReference; lastKnownFileType = text.plist.xml; path = Info.plist; sourceTree = "<group>"; };
		7CDF8D7C1D09391800678171 /* Google Book AppTests.xctest */ = {isa = PBXFileReference; explicitFileType = wrapper.cfbundle; includeInIndex = 0; path = "Google Book AppTests.xctest"; sourceTree = BUILT_PRODUCTS_DIR; };
		7CDF8D801D09391800678171 /* Google_Book_AppTests.swift */ = {isa = PBXFileReference; lastKnownFileType = sourcecode.swift; path = Google_Book_AppTests.swift; sourceTree = "<group>"; };
		7CDF8D821D09391800678171 /* Info.plist */ = {isa = PBXFileReference; lastKnownFileType = text.plist.xml; path = Info.plist; sourceTree = "<group>"; };
		7CDF8D871D09391800678171 /* Google Book AppUITests.xctest */ = {isa = PBXFileReference; explicitFileType = wrapper.cfbundle; includeInIndex = 0; path = "Google Book AppUITests.xctest"; sourceTree = BUILT_PRODUCTS_DIR; };
		7CDF8D8B1D09391800678171 /* Google_Book_AppUITests.swift */ = {isa = PBXFileReference; lastKnownFileType = sourcecode.swift; path = Google_Book_AppUITests.swift; sourceTree = "<group>"; };
		7CDF8D8D1D09391800678171 /* Info.plist */ = {isa = PBXFileReference; lastKnownFileType = text.plist.xml; path = Info.plist; sourceTree = "<group>"; };
/* End PBXFileReference section */

/* Begin PBXFrameworksBuildPhase section */
		7CDF8D621D09391800678171 /* Frameworks */ = {
			isa = PBXFrameworksBuildPhase;
			buildActionMask = 2147483647;
			files = (
			);
			runOnlyForDeploymentPostprocessing = 0;
		};
		7CDF8D791D09391800678171 /* Frameworks */ = {
			isa = PBXFrameworksBuildPhase;
			buildActionMask = 2147483647;
			files = (
			);
			runOnlyForDeploymentPostprocessing = 0;
		};
		7CDF8D841D09391800678171 /* Frameworks */ = {
			isa = PBXFrameworksBuildPhase;
			buildActionMask = 2147483647;
			files = (
			);
			runOnlyForDeploymentPostprocessing = 0;
		};
/* End PBXFrameworksBuildPhase section */

/* Begin PBXGroup section */
		7CDF8D5C1D09391800678171 = {
			isa = PBXGroup;
			children = (
				7CDF8D671D09391800678171 /* Google Book App */,
				7CDF8D7F1D09391800678171 /* Google Book AppTests */,
				7CDF8D8A1D09391800678171 /* Google Book AppUITests */,
				7CDF8D661D09391800678171 /* Products */,
			);
			sourceTree = "<group>";
		};
		7CDF8D661D09391800678171 /* Products */ = {
			isa = PBXGroup;
			children = (
				7CDF8D651D09391800678171 /* Google Book App.app */,
				7CDF8D7C1D09391800678171 /* Google Book AppTests.xctest */,
				7CDF8D871D09391800678171 /* Google Book AppUITests.xctest */,
			);
			name = Products;
			sourceTree = "<group>";
		};
		7CDF8D671D09391800678171 /* Google Book App */ = {
			isa = PBXGroup;
			children = (
				7CDF8D681D09391800678171 /* AppDelegate.swift */,
				7CDF8D6A1D09391800678171 /* ViewController.swift */,
				7CDF8D6C1D09391800678171 /* Main.storyboard */,
				7CDF8D721D09391800678171 /* Assets.xcassets */,
				7CDF8D741D09391800678171 /* LaunchScreen.storyboard */,
				7CDF8D771D09391800678171 /* Info.plist */,
				7CDF8D6F1D09391800678171 /* Google_Book_App.xcdatamodeld */,
			);
			path = "Google Book App";
			sourceTree = "<group>";
		};
		7CDF8D7F1D09391800678171 /* Google Book AppTests */ = {
			isa = PBXGroup;
			children = (
				7CDF8D801D09391800678171 /* Google_Book_AppTests.swift */,
				7CDF8D821D09391800678171 /* Info.plist */,
			);
			path = "Google Book AppTests";
			sourceTree = "<group>";
		};
		7CDF8D8A1D09391800678171 /* Google Book AppUITests */ = {
			isa = PBXGroup;
			children = (
				7CDF8D8B1D09391800678171 /* Google_Book_AppUITests.swift */,
				7CDF8D8D1D09391800678171 /* Info.plist */,
			);
			path = "Google Book AppUITests";
			sourceTree = "<group>";
		};
/* End PBXGroup section */

/* Begin PBXNativeTarget section */
		7CDF8D641D09391800678171 /* Google Book App */ = {
			isa = PBXNativeTarget;
			buildConfigurationList = 7CDF8D901D09391800678171 /* Build configuration list for PBXNativeTarget "Google Book App" */;
			buildPhases = (
				7CDF8D611D09391800678171 /* Sources */,
				7CDF8D621D09391800678171 /* Frameworks */,
				7CDF8D631D09391800678171 /* Resources */,
			);
			buildRules = (
			);
			dependencies = (
			);
			name = "Google Book App";
			productName = "Google Book App";
			productReference = 7CDF8D651D09391800678171 /* Google Book App.app */;
			productType = "com.apple.product-type.application";
		};
		7CDF8D7B1D09391800678171 /* Google Book AppTests */ = {
			isa = PBXNativeTarget;
			buildConfigurationList = 7CDF8D931D09391800678171 /* Build configuration list for PBXNativeTarget "Google Book AppTests" */;
			buildPhases = (
				7CDF8D781D09391800678171 /* Sources */,
				7CDF8D791D09391800678171 /* Frameworks */,
				7CDF8D7A1D09391800678171 /* Resources */,
			);
			buildRules = (
			);
			dependencies = (
				7CDF8D7E1D09391800678171 /* PBXTargetDependency */,
			);
			name = "Google Book AppTests";
			productName = "Google Book AppTests";
			productReference = 7CDF8D7C1D09391800678171 /* Google Book AppTests.xctest */;
			productType = "com.apple.product-type.bundle.unit-test";
		};
		7CDF8D861D09391800678171 /* Google Book AppUITests */ = {
			isa = PBXNativeTarget;
			buildConfigurationList = 7CDF8D961D09391800678171 /* Build configuration list for PBXNativeTarget "Google Book AppUITests" */;
			buildPhases = (
				7CDF8D831D09391800678171 /* Sources */,
				7CDF8D841D09391800678171 /* Frameworks */,
				7CDF8D851D09391800678171 /* Resources */,
			);
			buildRules = (
			);
			dependencies = (
				7CDF8D891D09391800678171 /* PBXTargetDependency */,
			);
			name = "Google Book AppUITests";
			productName = "Google Book AppUITests";
			productReference = 7CDF8D871D09391800678171 /* Google Book AppUITests.xctest */;
			productType = "com.apple.product-type.bundle.ui-testing";
		};
/* End PBXNativeTarget section */

/* Begin PBXProject section */
		7CDF8D5D1D09391800678171 /* Project object */ = {
			isa = PBXProject;
			attributes = {
				LastSwiftUpdateCheck = 0730;
				LastUpgradeCheck = 0730;
				ORGANIZATIONNAME = "Nursultan Askarbekuly";
				TargetAttributes = {
					7CDF8D641D09391800678171 = {
						CreatedOnToolsVersion = 7.3.1;
					};
					7CDF8D7B1D09391800678171 = {
						CreatedOnToolsVersion = 7.3.1;
						TestTargetID = 7CDF8D641D09391800678171;
					};
					7CDF8D861D09391800678171 = {
						CreatedOnToolsVersion = 7.3.1;
						TestTargetID = 7CDF8D641D09391800678171;
					};
				};
			};
			buildConfigurationList = 7CDF8D601D09391800678171 /* Build configuration list for PBXProject "Google Book App" */;
			compatibilityVersion = "Xcode 3.2";
			developmentRegion = English;
			hasScannedForEncodings = 0;
			knownRegions = (
				en,
				Base,
			);
			mainGroup = 7CDF8D5C1D09391800678171;
			productRefGroup = 7CDF8D661D09391800678171 /* Products */;
			projectDirPath = "";
			projectRoot = "";
			targets = (
				7CDF8D641D09391800678171 /* Google Book App */,
				7CDF8D7B1D09391800678171 /* Google Book AppTests */,
				7CDF8D861D09391800678171 /* Google Book AppUITests */,
			);
		};
/* End PBXProject section */

/* Begin PBXResourcesBuildPhase section */
		7CDF8D631D09391800678171 /* Resources */ = {
			isa = PBXResourcesBuildPhase;
			buildActionMask = 2147483647;
			files = (
				7CDF8D761D09391800678171 /* LaunchScreen.storyboard in Resources */,
				7CDF8D731D09391800678171 /* Assets.xcassets in Resources */,
				7CDF8D6E1D09391800678171 /* Main.storyboard in Resources */,
			);
			runOnlyForDeploymentPostprocessing = 0;
		};
		7CDF8D7A1D09391800678171 /* Resources */ = {
			isa = PBXResourcesBuildPhase;
			buildActionMask = 2147483647;
			files = (
			);
			runOnlyForDeploymentPostprocessing = 0;
		};
		7CDF8D851D09391800678171 /* Resources */ = {
			isa = PBXResourcesBuildPhase;
			buildActionMask = 2147483647;
			files = (
			);
			runOnlyForDeploymentPostprocessing = 0;
		};
/* End PBXResourcesBuildPhase section */

/* Begin PBXSourcesBuildPhase section */
		7CDF8D611D09391800678171 /* Sources */ = {
			isa = PBXSourcesBuildPhase;
			buildActionMask = 2147483647;
			files = (
				7CDF8D6B1D09391800678171 /* ViewController.swift in Sources */,
				7CDF8D711D09391800678171 /* Google_Book_App.xcdatamodeld in Sources */,
				7CDF8D691D09391800678171 /* AppDelegate.swift in Sources */,
			);
			runOnlyForDeploymentPostprocessing = 0;
		};
		7CDF8D781D09391800678171 /* Sources */ = {
			isa = PBXSourcesBuildPhase;
			buildActionMask = 2147483647;
			files = (
				7CDF8D811D09391800678171 /* Google_Book_AppTests.swift in Sources */,
			);
			runOnlyForDeploymentPostprocessing = 0;
		};
		7CDF8D831D09391800678171 /* Sources */ = {
			isa = PBXSourcesBuildPhase;
			buildActionMask = 2147483647;
			files = (
				7CDF8D8C1D09391800678171 /* Google_Book_AppUITests.swift in Sources */,
			);
			runOnlyForDeploymentPostprocessing = 0;
		};
/* End PBXSourcesBuildPhase section */

/* Begin PBXTargetDependency section */
		7CDF8D7E1D09391800678171 /* PBXTargetDependency */ = {
			isa = PBXTargetDependency;
			target = 7CDF8D641D09391800678171 /* Google Book App */;
			targetProxy = 7CDF8D7D1D09391800678171 /* PBXContainerItemProxy */;
		};
		7CDF8D891D09391800678171 /* PBXTargetDependency */ = {
			isa = PBXTargetDependency;
			target = 7CDF8D641D09391800678171 /* Google Book App */;
			targetProxy = 7CDF8D881D09391800678171 /* PBXContainerItemProxy */;
		};
/* End PBXTargetDependency section */

/* Begin PBXVariantGroup section */
		7CDF8D6C1D09391800678171 /* Main.storyboard */ = {
			isa = PBXVariantGroup;
			children = (
				7CDF8D6D1D09391800678171 /* Base */,
			);
			name = Main.storyboard;
			sourceTree = "<group>";
		};
		7CDF8D741D09391800678171 /* LaunchScreen.storyboard */ = {
			isa = PBXVariantGroup;
			children = (
				7CDF8D751D09391800678171 /* Base */,
			);
			name = LaunchScreen.storyboard;
			sourceTree = "<group>";
		};
/* End PBXVariantGroup section */

/* Begin XCBuildConfiguration section */
		7CDF8D8E1D09391800678171 /* Debug */ = {
			isa = XCBuildConfiguration;
			buildSettings = {
				ALWAYS_SEARCH_USER_PATHS = NO;
				CLANG_ANALYZER_NONNULL = YES;
				CLANG_CXX_LANGUAGE_STANDARD = "gnu++0x";
				CLANG_CXX_LIBRARY = "libc++";
				CLANG_ENABLE_MODULES = YES;
				CLANG_ENABLE_OBJC_ARC = YES;
				CLANG_WARN_BOOL_CONVERSION = YES;
				CLANG_WARN_CONSTANT_CONVERSION = YES;
				CLANG_WARN_DIRECT_OBJC_ISA_USAGE = YES_ERROR;
				CLANG_WARN_EMPTY_BODY = YES;
				CLANG_WARN_ENUM_CONVERSION = YES;
				CLANG_WARN_INT_CONVERSION = YES;
				CLANG_WARN_OBJC_ROOT_CLASS = YES_ERROR;
				CLANG_WARN_UNREACHABLE_CODE = YES;
				CLANG_WARN__DUPLICATE_METHOD_MATCH = YES;
				"CODE_SIGN_IDENTITY[sdk=iphoneos*]" = "iPhone Developer";
				COPY_PHASE_STRIP = NO;
				DEBUG_INFORMATION_FORMAT = dwarf;
				ENABLE_STRICT_OBJC_MSGSEND = YES;
				ENABLE_TESTABILITY = YES;
				GCC_C_LANGUAGE_STANDARD = gnu99;
				GCC_DYNAMIC_NO_PIC = NO;
				GCC_NO_COMMON_BLOCKS = YES;
				GCC_OPTIMIZATION_LEVEL = 0;
				GCC_PREPROCESSOR_DEFINITIONS = (
					"DEBUG=1",
					"$(inherited)",
				);
				GCC_WARN_64_TO_32_BIT_CONVERSION = YES;
				GCC_WARN_ABOUT_RETURN_TYPE = YES_ERROR;
				GCC_WARN_UNDECLARED_SELECTOR = YES;
				GCC_WARN_UNINITIALIZED_AUTOS = YES_AGGRESSIVE;
				GCC_WARN_UNUSED_FUNCTION = YES;
				GCC_WARN_UNUSED_VARIABLE = YES;
				IPHONEOS_DEPLOYMENT_TARGET = 9.3;
				MTL_ENABLE_DEBUG_INFO = YES;
				ONLY_ACTIVE_ARCH = YES;
				SDKROOT = iphoneos;
				SWIFT_OPTIMIZATION_LEVEL = "-Onone";
				TARGETED_DEVICE_FAMILY = "1,2";
			};
			name = Debug;
		};
		7CDF8D8F1D09391800678171 /* Release */ = {
			isa = XCBuildConfiguration;
			buildSettings = {
				ALWAYS_SEARCH_USER_PATHS = NO;
				CLANG_ANALYZER_NONNULL = YES;
				CLANG_CXX_LANGUAGE_STANDARD = "gnu++0x";
				CLANG_CXX_LIBRARY = "libc++";
				CLANG_ENABLE_MODULES = YES;
				CLANG_ENABLE_OBJC_ARC = YES;
				CLANG_WARN_BOOL_CONVERSION = YES;
				CLANG_WARN_CONSTANT_CONVERSION = YES;
				CLANG_WARN_DIRECT_OBJC_ISA_USAGE = YES_ERROR;
				CLANG_WARN_EMPTY_BODY = YES;
				CLANG_WARN_ENUM_CONVERSION = YES;
				CLANG_WARN_INT_CONVERSION = YES;
				CLANG_WARN_OBJC_ROOT_CLASS = YES_ERROR;
				CLANG_WARN_UNREACHABLE_CODE = YES;
				CLANG_WARN__DUPLICATE_METHOD_MATCH = YES;
				"CODE_SIGN_IDENTITY[sdk=iphoneos*]" = "iPhone Developer";
				COPY_PHASE_STRIP = NO;
				DEBUG_INFORMATION_FORMAT = "dwarf-with-dsym";
				ENABLE_NS_ASSERTIONS = NO;
				ENABLE_STRICT_OBJC_MSGSEND = YES;
				GCC_C_LANGUAGE_STANDARD = gnu99;
				GCC_NO_COMMON_BLOCKS = YES;
				GCC_WARN_64_TO_32_BIT_CONVERSION = YES;
				GCC_WARN_ABOUT_RETURN_TYPE = YES_ERROR;
				GCC_WARN_UNDECLARED_SELECTOR = YES;
				GCC_WARN_UNINITIALIZED_AUTOS = YES_AGGRESSIVE;
				GCC_WARN_UNUSED_FUNCTION = YES;
				GCC_WARN_UNUSED_VARIABLE = YES;
				IPHONEOS_DEPLOYMENT_TARGET = 9.3;
				MTL_ENABLE_DEBUG_INFO = NO;
				SDKROOT = iphoneos;
				TARGETED_DEVICE_FAMILY = "1,2";
				VALIDATE_PRODUCT = YES;
			};
			name = Release;
		};
		7CDF8D911D09391800678171 /* Debug */ = {
			isa = XCBuildConfiguration;
			buildSettings = {
				ASSETCATALOG_COMPILER_APPICON_NAME = AppIcon;
				INFOPLIST_FILE = "Google Book App/Info.plist";
				LD_RUNPATH_SEARCH_PATHS = "$(inherited) @executable_path/Frameworks";
				PRODUCT_BUNDLE_IDENTIFIER = "askarbekuly.Google-Book-App";
				PRODUCT_NAME = "$(TARGET_NAME)";
			};
			name = Debug;
		};
		7CDF8D921D09391800678171 /* Release */ = {
			isa = XCBuildConfiguration;
			buildSettings = {
				ASSETCATALOG_COMPILER_APPICON_NAME = AppIcon;
				INFOPLIST_FILE = "Google Book App/Info.plist";
				LD_RUNPATH_SEARCH_PATHS = "$(inherited) @executable_path/Frameworks";
				PRODUCT_BUNDLE_IDENTIFIER = "askarbekuly.Google-Book-App";
				PRODUCT_NAME = "$(TARGET_NAME)";
			};
			name = Release;
		};
		7CDF8D941D09391800678171 /* Debug */ = {
			isa = XCBuildConfiguration;
			buildSettings = {
				BUNDLE_LOADER = "$(TEST_HOST)";
				INFOPLIST_FILE = "Google Book AppTests/Info.plist";
				LD_RUNPATH_SEARCH_PATHS = "$(inherited) @executable_path/Frameworks @loader_path/Frameworks";
				PRODUCT_BUNDLE_IDENTIFIER = "askarbekuly.Google-Book-AppTests";
				PRODUCT_NAME = "$(TARGET_NAME)";
				TEST_HOST = "$(BUILT_PRODUCTS_DIR)/Google Book App.app/Google Book App";
			};
			name = Debug;
		};
		7CDF8D951D09391800678171 /* Release */ = {
			isa = XCBuildConfiguration;
			buildSettings = {
				BUNDLE_LOADER = "$(TEST_HOST)";
				INFOPLIST_FILE = "Google Book AppTests/Info.plist";
				LD_RUNPATH_SEARCH_PATHS = "$(inherited) @executable_path/Frameworks @loader_path/Frameworks";
				PRODUCT_BUNDLE_IDENTIFIER = "askarbekuly.Google-Book-AppTests";
				PRODUCT_NAME = "$(TARGET_NAME)";
				TEST_HOST = "$(BUILT_PRODUCTS_DIR)/Google Book App.app/Google Book App";
			};
			name = Release;
		};
		7CDF8D971D09391800678171 /* Debug */ = {
			isa = XCBuildConfiguration;
			buildSettings = {
				INFOPLIST_FILE = "Google Book AppUITests/Info.plist";
				LD_RUNPATH_SEARCH_PATHS = "$(inherited) @executable_path/Frameworks @loader_path/Frameworks";
				PRODUCT_BUNDLE_IDENTIFIER = "askarbekuly.Google-Book-AppUITests";
				PRODUCT_NAME = "$(TARGET_NAME)";
				TEST_TARGET_NAME = "Google Book App";
			};
			name = Debug;
		};
		7CDF8D981D09391800678171 /* Release */ = {
			isa = XCBuildConfiguration;
			buildSettings = {
				INFOPLIST_FILE = "Google Book AppUITests/Info.plist";
				LD_RUNPATH_SEARCH_PATHS = "$(inherited) @executable_path/Frameworks @loader_path/Frameworks";
				PRODUCT_BUNDLE_IDENTIFIER = "askarbekuly.Google-Book-AppUITests";
				PRODUCT_NAME = "$(TARGET_NAME)";
				TEST_TARGET_NAME = "Google Book App";
			};
			name = Release;
		};
/* End XCBuildConfiguration section */

/* Begin XCConfigurationList section */
		7CDF8D601D09391800678171 /* Build configuration list for PBXProject "Google Book App" */ = {
			isa = XCConfigurationList;
			buildConfigurations = (
				7CDF8D8E1D09391800678171 /* Debug */,
				7CDF8D8F1D09391800678171 /* Release */,
			);
			defaultConfigurationIsVisible = 0;
			defaultConfigurationName = Release;
		};
		7CDF8D901D09391800678171 /* Build configuration list for PBXNativeTarget "Google Book App" */ = {
			isa = XCConfigurationList;
			buildConfigurations = (
				7CDF8D911D09391800678171 /* Debug */,
				7CDF8D921D09391800678171 /* Release */,
			);
			defaultConfigurationIsVisible = 0;
		};
		7CDF8D931D09391800678171 /* Build configuration list for PBXNativeTarget "Google Book AppTests" */ = {
			isa = XCConfigurationList;
			buildConfigurations = (
				7CDF8D941D09391800678171 /* Debug */,
				7CDF8D951D09391800678171 /* Release */,
			);
			defaultConfigurationIsVisible = 0;
		};
		7CDF8D961D09391800678171 /* Build configuration list for PBXNativeTarget "Google Book AppUITests" */ = {
			isa = XCConfigurationList;
			buildConfigurations = (
				7CDF8D971D09391800678171 /* Debug */,
				7CDF8D981D09391800678171 /* Release */,
			);
			defaultConfigurationIsVisible = 0;
		};
/* End XCConfigurationList section */

/* Begin XCVersionGroup section */
		7CDF8D6F1D09391800678171 /* Google_Book_App.xcdatamodeld */ = {
			isa = XCVersionGroup;
			children = (
				7CDF8D701D09391800678171 /* Google_Book_App.xcdatamodel */,
			);
			currentVersion = 7CDF8D701D09391800678171 /* Google_Book_App.xcdatamodel */;
			path = Google_Book_App.xcdatamodeld;
			sourceTree = "<group>";
			versionGroupType = wrapper.xcdatamodel;
		};
/* End XCVersionGroup section */
	};
	rootObject = 7CDF8D5D1D09391800678171 /* Project object */;
}
